// !$*UTF8*$!
{
	archiveVersion = 1;
	classes = {
	};
	objectVersion = 46;
	objects = {

/* Begin PBXBuildFile section */
		B7B0732C1A7EF9CC006D01C6 /* AppDelegate.swift in Sources */ = {isa = PBXBuildFile; fileRef = B7B0732B1A7EF9CC006D01C6 /* AppDelegate.swift */; };
		B7B0732E1A7EF9CC006D01C6 /* ViewController.swift in Sources */ = {isa = PBXBuildFile; fileRef = B7B0732D1A7EF9CC006D01C6 /* ViewController.swift */; };
		B7B073311A7EF9CC006D01C6 /* Main.storyboard in Resources */ = {isa = PBXBuildFile; fileRef = B7B0732F1A7EF9CC006D01C6 /* Main.storyboard */; };
		B7B073331A7EF9CC006D01C6 /* Images.xcassets in Resources */ = {isa = PBXBuildFile; fileRef = B7B073321A7EF9CC006D01C6 /* Images.xcassets */; };
		B7B073361A7EF9CC006D01C6 /* LaunchScreen.xib in Resources */ = {isa = PBXBuildFile; fileRef = B7B073341A7EF9CC006D01C6 /* LaunchScreen.xib */; };
		B7B073421A7EF9CC006D01C6 /* DropboxTests.swift in Sources */ = {isa = PBXBuildFile; fileRef = B7B073411A7EF9CC006D01C6 /* DropboxTests.swift */; };
		B7B0734C1A7EFD78006D01C6 /* MainViewController.swift in Sources */ = {isa = PBXBuildFile; fileRef = B7B0734B1A7EFD78006D01C6 /* MainViewController.swift */; };
		B7B0734E1A7F031E006D01C6 /* CreateAccountRootViewController.swift in Sources */ = {isa = PBXBuildFile; fileRef = B7B0734D1A7F031E006D01C6 /* CreateAccountRootViewController.swift */; };
		B7B073501A7F0330006D01C6 /* SignInRootViewController.swift in Sources */ = {isa = PBXBuildFile; fileRef = B7B0734F1A7F0330006D01C6 /* SignInRootViewController.swift */; };
		B7B073521A7F0653006D01C6 /* CreateAccountViewController.swift in Sources */ = {isa = PBXBuildFile; fileRef = B7B073511A7F0653006D01C6 /* CreateAccountViewController.swift */; };
		B7B073541A7F0663006D01C6 /* SignInViewController.swift in Sources */ = {isa = PBXBuildFile; fileRef = B7B073531A7F0663006D01C6 /* SignInViewController.swift */; };
		B7B073571A7F12A8006D01C6 /* SettingsViewController.swift in Sources */ = {isa = PBXBuildFile; fileRef = B7B073561A7F12A8006D01C6 /* SettingsViewController.swift */; };
		B7B073591A7F185B006D01C6 /* PhotoViewController.swift in Sources */ = {isa = PBXBuildFile; fileRef = B7B073581A7F185B006D01C6 /* PhotoViewController.swift */; };
		B7B0735B1A7F1915006D01C6 /* SettingsLoginViewController.swift in Sources */ = {isa = PBXBuildFile; fileRef = B7B0735A1A7F1915006D01C6 /* SettingsLoginViewController.swift */; };
		B7B0735D1A7F2A12006D01C6 /* ToSViewController.swift in Sources */ = {isa = PBXBuildFile; fileRef = B7B0735C1A7F2A12006D01C6 /* ToSViewController.swift */; };
/* End PBXBuildFile section */

/* Begin PBXContainerItemProxy section */
		B7B0733C1A7EF9CC006D01C6 /* PBXContainerItemProxy */ = {
			isa = PBXContainerItemProxy;
			containerPortal = B7B0731E1A7EF9CC006D01C6 /* Project object */;
			proxyType = 1;
			remoteGlobalIDString = B7B073251A7EF9CC006D01C6;
			remoteInfo = Dropbox;
		};
/* End PBXContainerItemProxy section */

/* Begin PBXFileReference section */
		B7B073261A7EF9CC006D01C6 /* Dropbox.app */ = {isa = PBXFileReference; explicitFileType = wrapper.application; includeInIndex = 0; path = Dropbox.app; sourceTree = BUILT_PRODUCTS_DIR; };
		B7B0732A1A7EF9CC006D01C6 /* Info.plist */ = {isa = PBXFileReference; lastKnownFileType = text.plist.xml; path = Info.plist; sourceTree = "<group>"; };
		B7B0732B1A7EF9CC006D01C6 /* AppDelegate.swift */ = {isa = PBXFileReference; lastKnownFileType = sourcecode.swift; path = AppDelegate.swift; sourceTree = "<group>"; };
		B7B0732D1A7EF9CC006D01C6 /* ViewController.swift */ = {isa = PBXFileReference; lastKnownFileType = sourcecode.swift; path = ViewController.swift; sourceTree = "<group>"; };
		B7B073301A7EF9CC006D01C6 /* Base */ = {isa = PBXFileReference; lastKnownFileType = file.storyboard; name = Base; path = Base.lproj/Main.storyboard; sourceTree = "<group>"; };
		B7B073321A7EF9CC006D01C6 /* Images.xcassets */ = {isa = PBXFileReference; lastKnownFileType = folder.assetcatalog; path = Images.xcassets; sourceTree = "<group>"; };
		B7B073351A7EF9CC006D01C6 /* Base */ = {isa = PBXFileReference; lastKnownFileType = file.xib; name = Base; path = Base.lproj/LaunchScreen.xib; sourceTree = "<group>"; };
		B7B0733B1A7EF9CC006D01C6 /* DropboxTests.xctest */ = {isa = PBXFileReference; explicitFileType = wrapper.cfbundle; includeInIndex = 0; path = DropboxTests.xctest; sourceTree = BUILT_PRODUCTS_DIR; };
		B7B073401A7EF9CC006D01C6 /* Info.plist */ = {isa = PBXFileReference; lastKnownFileType = text.plist.xml; path = Info.plist; sourceTree = "<group>"; };
		B7B073411A7EF9CC006D01C6 /* DropboxTests.swift */ = {isa = PBXFileReference; lastKnownFileType = sourcecode.swift; path = DropboxTests.swift; sourceTree = "<group>"; };
		B7B0734B1A7EFD78006D01C6 /* MainViewController.swift */ = {isa = PBXFileReference; fileEncoding = 4; lastKnownFileType = sourcecode.swift; path = MainViewController.swift; sourceTree = "<group>"; };
		B7B0734D1A7F031E006D01C6 /* CreateAccountRootViewController.swift */ = {isa = PBXFileReference; fileEncoding = 4; lastKnownFileType = sourcecode.swift; path = CreateAccountRootViewController.swift; sourceTree = "<group>"; };
		B7B0734F1A7F0330006D01C6 /* SignInRootViewController.swift */ = {isa = PBXFileReference; fileEncoding = 4; lastKnownFileType = sourcecode.swift; path = SignInRootViewController.swift; sourceTree = "<group>"; };
		B7B073511A7F0653006D01C6 /* CreateAccountViewController.swift */ = {isa = PBXFileReference; fileEncoding = 4; lastKnownFileType = sourcecode.swift; path = CreateAccountViewController.swift; sourceTree = "<group>"; };
		B7B073531A7F0663006D01C6 /* SignInViewController.swift */ = {isa = PBXFileReference; fileEncoding = 4; lastKnownFileType = sourcecode.swift; path = SignInViewController.swift; sourceTree = "<group>"; };
		B7B073561A7F12A8006D01C6 /* SettingsViewController.swift */ = {isa = PBXFileReference; fileEncoding = 4; lastKnownFileType = sourcecode.swift; path = SettingsViewController.swift; sourceTree = "<group>"; };
		B7B073581A7F185B006D01C6 /* PhotoViewController.swift */ = {isa = PBXFileReference; fileEncoding = 4; lastKnownFileType = sourcecode.swift; path = PhotoViewController.swift; sourceTree = "<group>"; };
		B7B0735A1A7F1915006D01C6 /* SettingsLoginViewController.swift */ = {isa = PBXFileReference; fileEncoding = 4; lastKnownFileType = sourcecode.swift; path = SettingsLoginViewController.swift; sourceTree = "<group>"; };
		B7B0735C1A7F2A12006D01C6 /* ToSViewController.swift */ = {isa = PBXFileReference; fileEncoding = 4; lastKnownFileType = sourcecode.swift; path = ToSViewController.swift; sourceTree = "<group>"; };
/* End PBXFileReference section */

/* Begin PBXFrameworksBuildPhase section */
		B7B073231A7EF9CC006D01C6 /* Frameworks */ = {
			isa = PBXFrameworksBuildPhase;
			buildActionMask = 2147483647;
			files = (
			);
			runOnlyForDeploymentPostprocessing = 0;
		};
		B7B073381A7EF9CC006D01C6 /* Frameworks */ = {
			isa = PBXFrameworksBuildPhase;
			buildActionMask = 2147483647;
			files = (
			);
			runOnlyForDeploymentPostprocessing = 0;
		};
/* End PBXFrameworksBuildPhase section */

/* Begin PBXGroup section */
		B7B0731D1A7EF9CC006D01C6 = {
			isa = PBXGroup;
			children = (
				B7B073281A7EF9CC006D01C6 /* Dropbox */,
				B7B0733E1A7EF9CC006D01C6 /* DropboxTests */,
				B7B073271A7EF9CC006D01C6 /* Products */,
			);
			sourceTree = "<group>";
		};
		B7B073271A7EF9CC006D01C6 /* Products */ = {
			isa = PBXGroup;
			children = (
				B7B073261A7EF9CC006D01C6 /* Dropbox.app */,
				B7B0733B1A7EF9CC006D01C6 /* DropboxTests.xctest */,
			);
			name = Products;
			sourceTree = "<group>";
		};
		B7B073281A7EF9CC006D01C6 /* Dropbox */ = {
			isa = PBXGroup;
			children = (
				B7B073551A7F066C006D01C6 /* ViewController */,
				B7B0732B1A7EF9CC006D01C6 /* AppDelegate.swift */,
				B7B0732D1A7EF9CC006D01C6 /* ViewController.swift */,
				B7B0732F1A7EF9CC006D01C6 /* Main.storyboard */,
				B7B073321A7EF9CC006D01C6 /* Images.xcassets */,
				B7B073341A7EF9CC006D01C6 /* LaunchScreen.xib */,
				B7B073291A7EF9CC006D01C6 /* Supporting Files */,
				B7B0734B1A7EFD78006D01C6 /* MainViewController.swift */,
			);
			path = Dropbox;
			sourceTree = "<group>";
		};
		B7B073291A7EF9CC006D01C6 /* Supporting Files */ = {
			isa = PBXGroup;
			children = (
				B7B0732A1A7EF9CC006D01C6 /* Info.plist */,
			);
			name = "Supporting Files";
			sourceTree = "<group>";
		};
		B7B0733E1A7EF9CC006D01C6 /* DropboxTests */ = {
			isa = PBXGroup;
			children = (
				B7B073411A7EF9CC006D01C6 /* DropboxTests.swift */,
				B7B0733F1A7EF9CC006D01C6 /* Supporting Files */,
			);
			path = DropboxTests;
			sourceTree = "<group>";
		};
		B7B0733F1A7EF9CC006D01C6 /* Supporting Files */ = {
			isa = PBXGroup;
			children = (
				B7B073401A7EF9CC006D01C6 /* Info.plist */,
			);
			name = "Supporting Files";
			sourceTree = "<group>";
		};
		B7B073551A7F066C006D01C6 /* ViewController */ = {
			isa = PBXGroup;
			children = (
				B7B0734D1A7F031E006D01C6 /* CreateAccountRootViewController.swift */,
				B7B0734F1A7F0330006D01C6 /* SignInRootViewController.swift */,
				B7B073511A7F0653006D01C6 /* CreateAccountViewController.swift */,
				B7B073531A7F0663006D01C6 /* SignInViewController.swift */,
				B7B073561A7F12A8006D01C6 /* SettingsViewController.swift */,
				B7B073581A7F185B006D01C6 /* PhotoViewController.swift */,
				B7B0735A1A7F1915006D01C6 /* SettingsLoginViewController.swift */,
				B7B0735C1A7F2A12006D01C6 /* ToSViewController.swift */,
			);
			name = ViewController;
			sourceTree = "<group>";
		};
/* End PBXGroup section */

/* Begin PBXNativeTarget section */
		B7B073251A7EF9CC006D01C6 /* Dropbox */ = {
			isa = PBXNativeTarget;
			buildConfigurationList = B7B073451A7EF9CC006D01C6 /* Build configuration list for PBXNativeTarget "Dropbox" */;
			buildPhases = (
				B7B073221A7EF9CC006D01C6 /* Sources */,
				B7B073231A7EF9CC006D01C6 /* Frameworks */,
				B7B073241A7EF9CC006D01C6 /* Resources */,
			);
			buildRules = (
			);
			dependencies = (
			);
			name = Dropbox;
			productName = Dropbox;
			productReference = B7B073261A7EF9CC006D01C6 /* Dropbox.app */;
			productType = "com.apple.product-type.application";
		};
		B7B0733A1A7EF9CC006D01C6 /* DropboxTests */ = {
			isa = PBXNativeTarget;
			buildConfigurationList = B7B073481A7EF9CC006D01C6 /* Build configuration list for PBXNativeTarget "DropboxTests" */;
			buildPhases = (
				B7B073371A7EF9CC006D01C6 /* Sources */,
				B7B073381A7EF9CC006D01C6 /* Frameworks */,
				B7B073391A7EF9CC006D01C6 /* Resources */,
			);
			buildRules = (
			);
			dependencies = (
				B7B0733D1A7EF9CC006D01C6 /* PBXTargetDependency */,
			);
			name = DropboxTests;
			productName = DropboxTests;
			productReference = B7B0733B1A7EF9CC006D01C6 /* DropboxTests.xctest */;
			productType = "com.apple.product-type.bundle.unit-test";
		};
/* End PBXNativeTarget section */

/* Begin PBXProject section */
		B7B0731E1A7EF9CC006D01C6 /* Project object */ = {
			isa = PBXProject;
			attributes = {
				LastUpgradeCheck = 0610;
				ORGANIZATIONNAME = "Wei Chen";
				TargetAttributes = {
					B7B073251A7EF9CC006D01C6 = {
						CreatedOnToolsVersion = 6.1.1;
					};
					B7B0733A1A7EF9CC006D01C6 = {
						CreatedOnToolsVersion = 6.1.1;
						TestTargetID = B7B073251A7EF9CC006D01C6;
					};
				};
			};
			buildConfigurationList = B7B073211A7EF9CC006D01C6 /* Build configuration list for PBXProject "Dropbox" */;
			compatibilityVersion = "Xcode 3.2";
			developmentRegion = English;
			hasScannedForEncodings = 0;
			knownRegions = (
				en,
				Base,
			);
			mainGroup = B7B0731D1A7EF9CC006D01C6;
			productRefGroup = B7B073271A7EF9CC006D01C6 /* Products */;
			projectDirPath = "";
			projectRoot = "";
			targets = (
				B7B073251A7EF9CC006D01C6 /* Dropbox */,
				B7B0733A1A7EF9CC006D01C6 /* DropboxTests */,
			);
		};
/* End PBXProject section */

/* Begin PBXResourcesBuildPhase section */
		B7B073241A7EF9CC006D01C6 /* Resources */ = {
			isa = PBXResourcesBuildPhase;
			buildActionMask = 2147483647;
			files = (
				B7B073311A7EF9CC006D01C6 /* Main.storyboard in Resources */,
				B7B073361A7EF9CC006D01C6 /* LaunchScreen.xib in Resources */,
				B7B073331A7EF9CC006D01C6 /* Images.xcassets in Resources */,
			);
			runOnlyForDeploymentPostprocessing = 0;
		};
		B7B073391A7EF9CC006D01C6 /* Resources */ = {
			isa = PBXResourcesBuildPhase;
			buildActionMask = 2147483647;
			files = (
			);
			runOnlyForDeploymentPostprocessing = 0;
		};
/* End PBXResourcesBuildPhase section */

/* Begin PBXSourcesBuildPhase section */
		B7B073221A7EF9CC006D01C6 /* Sources */ = {
			isa = PBXSourcesBuildPhase;
			buildActionMask = 2147483647;
			files = (
				B7B073541A7F0663006D01C6 /* SignInViewController.swift in Sources */,
				B7B073521A7F0653006D01C6 /* CreateAccountViewController.swift in Sources */,
				B7B073501A7F0330006D01C6 /* SignInRootViewController.swift in Sources */,
				B7B0735B1A7F1915006D01C6 /* SettingsLoginViewController.swift in Sources */,
				B7B0734E1A7F031E006D01C6 /* CreateAccountRootViewController.swift in Sources */,
				B7B0734C1A7EFD78006D01C6 /* MainViewController.swift in Sources */,
				B7B073591A7F185B006D01C6 /* PhotoViewController.swift in Sources */,
				B7B0732E1A7EF9CC006D01C6 /* ViewController.swift in Sources */,
				B7B0732C1A7EF9CC006D01C6 /* AppDelegate.swift in Sources */,
				B7B073571A7F12A8006D01C6 /* SettingsViewController.swift in Sources */,
				B7B0735D1A7F2A12006D01C6 /* ToSViewController.swift in Sources */,
			);
			runOnlyForDeploymentPostprocessing = 0;
		};
		B7B073371A7EF9CC006D01C6 /* Sources */ = {
			isa = PBXSourcesBuildPhase;
			buildActionMask = 2147483647;
			files = (
				B7B073421A7EF9CC006D01C6 /* DropboxTests.swift in Sources */,
			);
			runOnlyForDeploymentPostprocessing = 0;
		};
/* End PBXSourcesBuildPhase section */

/* Begin PBXTargetDependency section */
		B7B0733D1A7EF9CC006D01C6 /* PBXTargetDependency */ = {
			isa = PBXTargetDependency;
			target = B7B073251A7EF9CC006D01C6 /* Dropbox */;
			targetProxy = B7B0733C1A7EF9CC006D01C6 /* PBXContainerItemProxy */;
		};
/* End PBXTargetDependency section */

/* Begin PBXVariantGroup section */
		B7B0732F1A7EF9CC006D01C6 /* Main.storyboard */ = {
			isa = PBXVariantGroup;
			children = (
				B7B073301A7EF9CC006D01C6 /* Base */,
			);
			name = Main.storyboard;
			sourceTree = "<group>";
		};
		B7B073341A7EF9CC006D01C6 /* LaunchScreen.xib */ = {
			isa = PBXVariantGroup;
			children = (
				B7B073351A7EF9CC006D01C6 /* Base */,
			);
			name = LaunchScreen.xib;
			sourceTree = "<group>";
		};
/* End PBXVariantGroup section */

/* Begin XCBuildConfiguration section */
		B7B073431A7EF9CC006D01C6 /* Debug */ = {
			isa = XCBuildConfiguration;
			buildSettings = {
				ALWAYS_SEARCH_USER_PATHS = NO;
				CLANG_CXX_LANGUAGE_STANDARD = "gnu++0x";
				CLANG_CXX_LIBRARY = "libc++";
				CLANG_ENABLE_MODULES = YES;
				CLANG_ENABLE_OBJC_ARC = YES;
				CLANG_WARN_BOOL_CONVERSION = YES;
				CLANG_WARN_CONSTANT_CONVERSION = YES;
				CLANG_WARN_DIRECT_OBJC_ISA_USAGE = YES_ERROR;
				CLANG_WARN_EMPTY_BODY = YES;
				CLANG_WARN_ENUM_CONVERSION = YES;
				CLANG_WARN_INT_CONVERSION = YES;
				CLANG_WARN_OBJC_ROOT_CLASS = YES_ERROR;
				CLANG_WARN_UNREACHABLE_CODE = YES;
				CLANG_WARN__DUPLICATE_METHOD_MATCH = YES;
				"CODE_SIGN_IDENTITY[sdk=iphoneos*]" = "iPhone Developer";
				COPY_PHASE_STRIP = NO;
				ENABLE_STRICT_OBJC_MSGSEND = YES;
				GCC_C_LANGUAGE_STANDARD = gnu99;
				GCC_DYNAMIC_NO_PIC = NO;
				GCC_OPTIMIZATION_LEVEL = 0;
				GCC_PREPROCESSOR_DEFINITIONS = (
					"DEBUG=1",
					"$(inherited)",
				);
				GCC_SYMBOLS_PRIVATE_EXTERN = NO;
				GCC_WARN_64_TO_32_BIT_CONVERSION = YES;
				GCC_WARN_ABOUT_RETURN_TYPE = YES_ERROR;
				GCC_WARN_UNDECLARED_SELECTOR = YES;
				GCC_WARN_UNINITIALIZED_AUTOS = YES_AGGRESSIVE;
				GCC_WARN_UNUSED_FUNCTION = YES;
				GCC_WARN_UNUSED_VARIABLE = YES;
				IPHONEOS_DEPLOYMENT_TARGET = 8.1;
				MTL_ENABLE_DEBUG_INFO = YES;
				ONLY_ACTIVE_ARCH = YES;
				SDKROOT = iphoneos;
				SWIFT_OPTIMIZATION_LEVEL = "-Onone";
			};
			name = Debug;
		};
		B7B073441A7EF9CC006D01C6 /* Release */ = {
			isa = XCBuildConfiguration;
			buildSettings = {
				ALWAYS_SEARCH_USER_PATHS = NO;
				CLANG_CXX_LANGUAGE_STANDARD = "gnu++0x";
				CLANG_CXX_LIBRARY = "libc++";
				CLANG_ENABLE_MODULES = YES;
				CLANG_ENABLE_OBJC_ARC = YES;
				CLANG_WARN_BOOL_CONVERSION = YES;
				CLANG_WARN_CONSTANT_CONVERSION = YES;
				CLANG_WARN_DIRECT_OBJC_ISA_USAGE = YES_ERROR;
				CLANG_WARN_EMPTY_BODY = YES;
				CLANG_WARN_ENUM_CONVERSION = YES;
				CLANG_WARN_INT_CONVERSION = YES;
				CLANG_WARN_OBJC_ROOT_CLASS = YES_ERROR;
				CLANG_WARN_UNREACHABLE_CODE = YES;
				CLANG_WARN__DUPLICATE_METHOD_MATCH = YES;
				"CODE_SIGN_IDENTITY[sdk=iphoneos*]" = "iPhone Developer";
				COPY_PHASE_STRIP = YES;
				ENABLE_NS_ASSERTIONS = NO;
				ENABLE_STRICT_OBJC_MSGSEND = YES;
				GCC_C_LANGUAGE_STANDARD = gnu99;
				GCC_WARN_64_TO_32_BIT_CONVERSION = YES;
				GCC_WARN_ABOUT_RETURN_TYPE = YES_ERROR;
				GCC_WARN_UNDECLARED_SELECTOR = YES;
				GCC_WARN_UNINITIALIZED_AUTOS = YES_AGGRESSIVE;
				GCC_WARN_UNUSED_FUNCTION = YES;
				GCC_WARN_UNUSED_VARIABLE = YES;
				IPHONEOS_DEPLOYMENT_TARGET = 8.1;
				MTL_ENABLE_DEBUG_INFO = NO;
				SDKROOT = iphoneos;
				VALIDATE_PRODUCT = YES;
			};
			name = Release;
		};
		B7B073461A7EF9CC006D01C6 /* Debug */ = {
			isa = XCBuildConfiguration;
			buildSettings = {
				ASSETCATALOG_COMPILER_APPICON_NAME = AppIcon;
				INFOPLIST_FILE = Dropbox/Info.plist;
				LD_RUNPATH_SEARCH_PATHS = "$(inherited) @executable_path/Frameworks";
				PRODUCT_NAME = "$(TARGET_NAME)";
			};
			name = Debug;
		};
		B7B073471A7EF9CC006D01C6 /* Release */ = {
			isa = XCBuildConfiguration;
			buildSettings = {
				ASSETCATALOG_COMPILER_APPICON_NAME = AppIcon;
				INFOPLIST_FILE = Dropbox/Info.plist;
				LD_RUNPATH_SEARCH_PATHS = "$(inherited) @executable_path/Frameworks";
				PRODUCT_NAME = "$(TARGET_NAME)";
			};
			name = Release;
		};
		B7B073491A7EF9CC006D01C6 /* Debug */ = {
			isa = XCBuildConfiguration;
			buildSettings = {
				BUNDLE_LOADER = "$(TEST_HOST)";
				FRAMEWORK_SEARCH_PATHS = (
					"$(SDKROOT)/Developer/Library/Frameworks",
					"$(inherited)",
				);
				GCC_PREPROCESSOR_DEFINITIONS = (
					"DEBUG=1",
					"$(inherited)",
				);
				INFOPLIST_FILE = DropboxTests/Info.plist;
				LD_RUNPATH_SEARCH_PATHS = "$(inherited) @executable_path/Frameworks @loader_path/Frameworks";
				PRODUCT_NAME = "$(TARGET_NAME)";
				TEST_HOST = "$(BUILT_PRODUCTS_DIR)/Dropbox.app/Dropbox";
			};
			name = Debug;
		};
		B7B0734A1A7EF9CC006D01C6 /* Release */ = {
			isa = XCBuildConfiguration;
			buildSettings = {
				BUNDLE_LOADER = "$(TEST_HOST)";
				FRAMEWORK_SEARCH_PATHS = (
					"$(SDKROOT)/Developer/Library/Frameworks",
					"$(inherited)",
				);
				INFOPLIST_FILE = DropboxTests/Info.plist;
				LD_RUNPATH_SEARCH_PATHS = "$(inherited) @executable_path/Frameworks @loader_path/Frameworks";
				PRODUCT_NAME = "$(TARGET_NAME)";
				TEST_HOST = "$(BUILT_PRODUCTS_DIR)/Dropbox.app/Dropbox";
			};
			name = Release;
		};
/* End XCBuildConfiguration section */

/* Begin XCConfigurationList section */
		B7B073211A7EF9CC006D01C6 /* Build configuration list for PBXProject "Dropbox" */ = {
			isa = XCConfigurationList;
			buildConfigurations = (
				B7B073431A7EF9CC006D01C6 /* Debug */,
				B7B073441A7EF9CC006D01C6 /* Release */,
			);
			defaultConfigurationIsVisible = 0;
			defaultConfigurationName = Release;
		};
		B7B073451A7EF9CC006D01C6 /* Build configuration list for PBXNativeTarget "Dropbox" */ = {
			isa = XCConfigurationList;
			buildConfigurations = (
				B7B073461A7EF9CC006D01C6 /* Debug */,
				B7B073471A7EF9CC006D01C6 /* Release */,
			);
			defaultConfigurationIsVisible = 0;
		};
		B7B073481A7EF9CC006D01C6 /* Build configuration list for PBXNativeTarget "DropboxTests" */ = {
			isa = XCConfigurationList;
			buildConfigurations = (
				B7B073491A7EF9CC006D01C6 /* Debug */,
				B7B0734A1A7EF9CC006D01C6 /* Release */,
			);
			defaultConfigurationIsVisible = 0;
		};
/* End XCConfigurationList section */
	};
	rootObject = B7B0731E1A7EF9CC006D01C6 /* Project object */;
}
